// !$*UTF8*$!
{
	archiveVersion = 1;
	classes = {
	};
	objectVersion = 56;
	objects = {

/* Begin PBXBuildFile section */
		455A709B2EBBFD2587CBA0F3 /* Pods_SweaTy.framework in Frameworks */ = {isa = PBXBuildFile; fileRef = 161B9E7F06B073CF72978CB0 /* Pods_SweaTy.framework */; };
		A624A5352B987DE600B605A9 /* BarChartView+.swift in Sources */ = {isa = PBXBuildFile; fileRef = A624A5342B987DE600B605A9 /* BarChartView+.swift */; };
		A652BD7E2BA1D4FB00CA9F37 /* ImageLabelCollectionViewCell.swift in Sources */ = {isa = PBXBuildFile; fileRef = A652BD7D2BA1D4FB00CA9F37 /* ImageLabelCollectionViewCell.swift */; };
		A66C415C2BC3E0A800AC4284 /* StartingViewController.swift in Sources */ = {isa = PBXBuildFile; fileRef = A66C415B2BC3E0A800AC4284 /* StartingViewController.swift */; };
		A66C415F2BC3E24600AC4284 /* VideoView.swift in Sources */ = {isa = PBXBuildFile; fileRef = A66C415E2BC3E24600AC4284 /* VideoView.swift */; };
		A66C41622BC3E69200AC4284 /* nike.mp4 in Resources */ = {isa = PBXBuildFile; fileRef = A66C41612BC3E69200AC4284 /* nike.mp4 */; };
		A69A817A2B81CE80006BAEB2 /* AppDelegate.swift in Sources */ = {isa = PBXBuildFile; fileRef = A69A81792B81CE80006BAEB2 /* AppDelegate.swift */; };
		A69A817C2B81CE80006BAEB2 /* SceneDelegate.swift in Sources */ = {isa = PBXBuildFile; fileRef = A69A817B2B81CE80006BAEB2 /* SceneDelegate.swift */; };
		A69A81832B81CE83006BAEB2 /* Assets.xcassets in Resources */ = {isa = PBXBuildFile; fileRef = A69A81822B81CE83006BAEB2 /* Assets.xcassets */; };
		A69A81862B81CE83006BAEB2 /* LaunchScreen.storyboard in Resources */ = {isa = PBXBuildFile; fileRef = A69A81842B81CE83006BAEB2 /* LaunchScreen.storyboard */; };
		A69A81972B8230DF006BAEB2 /* Coordinator.swift in Sources */ = {isa = PBXBuildFile; fileRef = A69A81962B8230DF006BAEB2 /* Coordinator.swift */; };
		A69A819B2B823133006BAEB2 /* AppCoordinator.swift in Sources */ = {isa = PBXBuildFile; fileRef = A69A819A2B823133006BAEB2 /* AppCoordinator.swift */; };
		A69A819D2B8231D3006BAEB2 /* MainTabBarCoordinator.swift in Sources */ = {isa = PBXBuildFile; fileRef = A69A819C2B8231D3006BAEB2 /* MainTabBarCoordinator.swift */; };
		A69A819F2B823252006BAEB2 /* TabBarItemType.swift in Sources */ = {isa = PBXBuildFile; fileRef = A69A819E2B823252006BAEB2 /* TabBarItemType.swift */; };
		A69A81A12B823410006BAEB2 /* HomeCoordinator.swift in Sources */ = {isa = PBXBuildFile; fileRef = A69A81A02B823410006BAEB2 /* HomeCoordinator.swift */; };
		A69A81A32B8235DC006BAEB2 /* MainViewController.swift in Sources */ = {isa = PBXBuildFile; fileRef = A69A81A22B8235DC006BAEB2 /* MainViewController.swift */; };
		A69A81A82B82369E006BAEB2 /* StatisticsCoordinator.swift in Sources */ = {isa = PBXBuildFile; fileRef = A69A81A72B82369E006BAEB2 /* StatisticsCoordinator.swift */; };
		A69A81AA2B8236C9006BAEB2 /* StatisticsViewController.swift in Sources */ = {isa = PBXBuildFile; fileRef = A69A81A92B8236C9006BAEB2 /* StatisticsViewController.swift */; };
		A69A81AD2B823728006BAEB2 /* MyPageViewController.swift in Sources */ = {isa = PBXBuildFile; fileRef = A69A81AC2B823728006BAEB2 /* MyPageViewController.swift */; };
		A69A81AF2B823751006BAEB2 /* MyPageCoordinator.swift in Sources */ = {isa = PBXBuildFile; fileRef = A69A81AE2B823751006BAEB2 /* MyPageCoordinator.swift */; };
		A69A81B62B837CFC006BAEB2 /* ShadowRoundView.swift in Sources */ = {isa = PBXBuildFile; fileRef = A69A81B52B837CFC006BAEB2 /* ShadowRoundView.swift */; };
		A69A81B82B83AE14006BAEB2 /* UIColor+.swift in Sources */ = {isa = PBXBuildFile; fileRef = A69A81B72B83AE14006BAEB2 /* UIColor+.swift */; };
		A69A81C82B888891006BAEB2 /* StartExerciseView.swift in Sources */ = {isa = PBXBuildFile; fileRef = A69A81C72B888891006BAEB2 /* StartExerciseView.swift */; };
		A69A81CA2B89DCA9006BAEB2 /* ExerciseSelectViewController.swift in Sources */ = {isa = PBXBuildFile; fileRef = A69A81C92B89DCA9006BAEB2 /* ExerciseSelectViewController.swift */; };
		A69A81CC2B8C786F006BAEB2 /* SetSelectionView.swift in Sources */ = {isa = PBXBuildFile; fileRef = A69A81CB2B8C786F006BAEB2 /* SetSelectionView.swift */; };
		A69A81CE2B8C832B006BAEB2 /* PrepareViewController.swift in Sources */ = {isa = PBXBuildFile; fileRef = A69A81CD2B8C832B006BAEB2 /* PrepareViewController.swift */; };
		A69A81D02B8C8A42006BAEB2 /* ExercisingViewController.swift in Sources */ = {isa = PBXBuildFile; fileRef = A69A81CF2B8C8A42006BAEB2 /* ExercisingViewController.swift */; };
		A69A81D22B8C8BE3006BAEB2 /* ExerciseResultViewController.swift in Sources */ = {isa = PBXBuildFile; fileRef = A69A81D12B8C8BE3006BAEB2 /* ExerciseResultViewController.swift */; };
		A6F4C6B12BA7EE810019427F /* LoginViewController.swift in Sources */ = {isa = PBXBuildFile; fileRef = A6F4C6B02BA7EE810019427F /* LoginViewController.swift */; };
		A6F4C6B32BA7F0A30019427F /* LoginCoordinator.swift in Sources */ = {isa = PBXBuildFile; fileRef = A6F4C6B22BA7F0A30019427F /* LoginCoordinator.swift */; };
		A6F4C6B52BA7F6BD0019427F /* SignUpViewController.swift in Sources */ = {isa = PBXBuildFile; fileRef = A6F4C6B42BA7F6BD0019427F /* SignUpViewController.swift */; };
		A6F4C6B82BA93C390019427F /* SettingItemView.swift in Sources */ = {isa = PBXBuildFile; fileRef = A6F4C6B72BA93C390019427F /* SettingItemView.swift */; };
/* End PBXBuildFile section */

/* Begin PBXCopyFilesBuildPhase section */
		A68ADB612BA2D0D300000286 /* Embed Frameworks */ = {
			isa = PBXCopyFilesBuildPhase;
			buildActionMask = 2147483647;
			dstPath = "";
			dstSubfolderSpec = 10;
			files = (
			);
			name = "Embed Frameworks";
			runOnlyForDeploymentPostprocessing = 0;
		};
/* End PBXCopyFilesBuildPhase section */

/* Begin PBXFileReference section */
		161B9E7F06B073CF72978CB0 /* Pods_SweaTy.framework */ = {isa = PBXFileReference; explicitFileType = wrapper.framework; includeInIndex = 0; path = Pods_SweaTy.framework; sourceTree = BUILT_PRODUCTS_DIR; };
		264CC9355153F0C5CCBFE91B /* Pods-SweaTy.debug.xcconfig */ = {isa = PBXFileReference; includeInIndex = 1; lastKnownFileType = text.xcconfig; name = "Pods-SweaTy.debug.xcconfig"; path = "Target Support Files/Pods-SweaTy/Pods-SweaTy.debug.xcconfig"; sourceTree = "<group>"; };
		A624A5342B987DE600B605A9 /* BarChartView+.swift */ = {isa = PBXFileReference; lastKnownFileType = sourcecode.swift; path = "BarChartView+.swift"; sourceTree = "<group>"; };
		A652BD7D2BA1D4FB00CA9F37 /* ImageLabelCollectionViewCell.swift */ = {isa = PBXFileReference; lastKnownFileType = sourcecode.swift; path = ImageLabelCollectionViewCell.swift; sourceTree = "<group>"; };
		A66C415B2BC3E0A800AC4284 /* StartingViewController.swift */ = {isa = PBXFileReference; lastKnownFileType = sourcecode.swift; path = StartingViewController.swift; sourceTree = "<group>"; };
		A66C415E2BC3E24600AC4284 /* VideoView.swift */ = {isa = PBXFileReference; lastKnownFileType = sourcecode.swift; path = VideoView.swift; sourceTree = "<group>"; };
		A66C41612BC3E69200AC4284 /* nike.mp4 */ = {isa = PBXFileReference; lastKnownFileType = file; name = nike.mp4; path = SweaTy/Resources/Videos/nike.mp4; sourceTree = "<group>"; };
		A69A81762B81CE80006BAEB2 /* SweaTy.app */ = {isa = PBXFileReference; explicitFileType = wrapper.application; includeInIndex = 0; path = SweaTy.app; sourceTree = BUILT_PRODUCTS_DIR; };
		A69A81792B81CE80006BAEB2 /* AppDelegate.swift */ = {isa = PBXFileReference; lastKnownFileType = sourcecode.swift; path = AppDelegate.swift; sourceTree = "<group>"; };
		A69A817B2B81CE80006BAEB2 /* SceneDelegate.swift */ = {isa = PBXFileReference; lastKnownFileType = sourcecode.swift; path = SceneDelegate.swift; sourceTree = "<group>"; };
		A69A81822B81CE83006BAEB2 /* Assets.xcassets */ = {isa = PBXFileReference; lastKnownFileType = folder.assetcatalog; path = Assets.xcassets; sourceTree = "<group>"; };
		A69A81852B81CE83006BAEB2 /* Base */ = {isa = PBXFileReference; lastKnownFileType = file.storyboard; name = Base; path = Base.lproj/LaunchScreen.storyboard; sourceTree = "<group>"; };
		A69A81872B81CE83006BAEB2 /* Info.plist */ = {isa = PBXFileReference; lastKnownFileType = text.plist.xml; path = Info.plist; sourceTree = "<group>"; };
		A69A81962B8230DF006BAEB2 /* Coordinator.swift */ = {isa = PBXFileReference; lastKnownFileType = sourcecode.swift; path = Coordinator.swift; sourceTree = "<group>"; };
		A69A819A2B823133006BAEB2 /* AppCoordinator.swift */ = {isa = PBXFileReference; lastKnownFileType = sourcecode.swift; path = AppCoordinator.swift; sourceTree = "<group>"; };
		A69A819C2B8231D3006BAEB2 /* MainTabBarCoordinator.swift */ = {isa = PBXFileReference; lastKnownFileType = sourcecode.swift; path = MainTabBarCoordinator.swift; sourceTree = "<group>"; };
		A69A819E2B823252006BAEB2 /* TabBarItemType.swift */ = {isa = PBXFileReference; lastKnownFileType = sourcecode.swift; path = TabBarItemType.swift; sourceTree = "<group>"; };
		A69A81A02B823410006BAEB2 /* HomeCoordinator.swift */ = {isa = PBXFileReference; lastKnownFileType = sourcecode.swift; path = HomeCoordinator.swift; sourceTree = "<group>"; };
		A69A81A22B8235DC006BAEB2 /* MainViewController.swift */ = {isa = PBXFileReference; lastKnownFileType = sourcecode.swift; path = MainViewController.swift; sourceTree = "<group>"; };
		A69A81A72B82369E006BAEB2 /* StatisticsCoordinator.swift */ = {isa = PBXFileReference; lastKnownFileType = sourcecode.swift; path = StatisticsCoordinator.swift; sourceTree = "<group>"; };
		A69A81A92B8236C9006BAEB2 /* StatisticsViewController.swift */ = {isa = PBXFileReference; lastKnownFileType = sourcecode.swift; path = StatisticsViewController.swift; sourceTree = "<group>"; };
		A69A81AC2B823728006BAEB2 /* MyPageViewController.swift */ = {isa = PBXFileReference; lastKnownFileType = sourcecode.swift; path = MyPageViewController.swift; sourceTree = "<group>"; };
		A69A81AE2B823751006BAEB2 /* MyPageCoordinator.swift */ = {isa = PBXFileReference; lastKnownFileType = sourcecode.swift; path = MyPageCoordinator.swift; sourceTree = "<group>"; };
		A69A81B52B837CFC006BAEB2 /* ShadowRoundView.swift */ = {isa = PBXFileReference; lastKnownFileType = sourcecode.swift; path = ShadowRoundView.swift; sourceTree = "<group>"; };
		A69A81B72B83AE14006BAEB2 /* UIColor+.swift */ = {isa = PBXFileReference; lastKnownFileType = sourcecode.swift; path = "UIColor+.swift"; sourceTree = "<group>"; };
		A69A81C72B888891006BAEB2 /* StartExerciseView.swift */ = {isa = PBXFileReference; lastKnownFileType = sourcecode.swift; path = StartExerciseView.swift; sourceTree = "<group>"; };
		A69A81C92B89DCA9006BAEB2 /* ExerciseSelectViewController.swift */ = {isa = PBXFileReference; lastKnownFileType = sourcecode.swift; path = ExerciseSelectViewController.swift; sourceTree = "<group>"; };
		A69A81CB2B8C786F006BAEB2 /* SetSelectionView.swift */ = {isa = PBXFileReference; lastKnownFileType = sourcecode.swift; path = SetSelectionView.swift; sourceTree = "<group>"; };
		A69A81CD2B8C832B006BAEB2 /* PrepareViewController.swift */ = {isa = PBXFileReference; lastKnownFileType = sourcecode.swift; path = PrepareViewController.swift; sourceTree = "<group>"; };
		A69A81CF2B8C8A42006BAEB2 /* ExercisingViewController.swift */ = {isa = PBXFileReference; lastKnownFileType = sourcecode.swift; path = ExercisingViewController.swift; sourceTree = "<group>"; };
		A69A81D12B8C8BE3006BAEB2 /* ExerciseResultViewController.swift */ = {isa = PBXFileReference; lastKnownFileType = sourcecode.swift; path = ExerciseResultViewController.swift; sourceTree = "<group>"; };
		A6F4C6B02BA7EE810019427F /* LoginViewController.swift */ = {isa = PBXFileReference; lastKnownFileType = sourcecode.swift; path = LoginViewController.swift; sourceTree = "<group>"; };
		A6F4C6B22BA7F0A30019427F /* LoginCoordinator.swift */ = {isa = PBXFileReference; lastKnownFileType = sourcecode.swift; path = LoginCoordinator.swift; sourceTree = "<group>"; };
		A6F4C6B42BA7F6BD0019427F /* SignUpViewController.swift */ = {isa = PBXFileReference; lastKnownFileType = sourcecode.swift; path = SignUpViewController.swift; sourceTree = "<group>"; };
		A6F4C6B72BA93C390019427F /* SettingItemView.swift */ = {isa = PBXFileReference; lastKnownFileType = sourcecode.swift; path = SettingItemView.swift; sourceTree = "<group>"; };
		C97DC78BC6C2CC83AA95A695 /* Pods-SweaTy.release.xcconfig */ = {isa = PBXFileReference; includeInIndex = 1; lastKnownFileType = text.xcconfig; name = "Pods-SweaTy.release.xcconfig"; path = "Target Support Files/Pods-SweaTy/Pods-SweaTy.release.xcconfig"; sourceTree = "<group>"; };
/* End PBXFileReference section */

/* Begin PBXFrameworksBuildPhase section */
		A69A81732B81CE80006BAEB2 /* Frameworks */ = {
			isa = PBXFrameworksBuildPhase;
			buildActionMask = 2147483647;
			files = (
				455A709B2EBBFD2587CBA0F3 /* Pods_SweaTy.framework in Frameworks */,
			);
			runOnlyForDeploymentPostprocessing = 0;
		};
/* End PBXFrameworksBuildPhase section */

/* Begin PBXGroup section */
		2C6E5A8C13FB965323AC49BC /* Pods */ = {
			isa = PBXGroup;
			children = (
				264CC9355153F0C5CCBFE91B /* Pods-SweaTy.debug.xcconfig */,
				C97DC78BC6C2CC83AA95A695 /* Pods-SweaTy.release.xcconfig */,
			);
			path = Pods;
			sourceTree = "<group>";
		};
		A66C41572BC3E05300AC4284 /* Renewal */ = {
			isa = PBXGroup;
			children = (
				A66C41582BC3E06800AC4284 /* Starting */,
			);
			path = Renewal;
			sourceTree = "<group>";
		};
		A66C41582BC3E06800AC4284 /* Starting */ = {
			isa = PBXGroup;
			children = (
				A66C415D2BC3E23B00AC4284 /* View */,
				A66C415A2BC3E09B00AC4284 /* VCs */,
			);
			path = Starting;
			sourceTree = "<group>";
		};
		A66C415A2BC3E09B00AC4284 /* VCs */ = {
			isa = PBXGroup;
			children = (
				A66C415B2BC3E0A800AC4284 /* StartingViewController.swift */,
			);
			path = VCs;
			sourceTree = "<group>";
		};
		A66C415D2BC3E23B00AC4284 /* View */ = {
			isa = PBXGroup;
			children = (
				A66C415E2BC3E24600AC4284 /* VideoView.swift */,
			);
			path = View;
			sourceTree = "<group>";
		};
		A66C41602BC3E45300AC4284 /* Videos */ = {
			isa = PBXGroup;
			children = (
			);
			path = Videos;
			sourceTree = "<group>";
		};
		A68ADB5D2BA2D0D300000286 /* Frameworks */ = {
			isa = PBXGroup;
			children = (
				161B9E7F06B073CF72978CB0 /* Pods_SweaTy.framework */,
			);
			name = Frameworks;
			sourceTree = "<group>";
		};
		A69A816D2B81CE80006BAEB2 = {
			isa = PBXGroup;
			children = (
				A66C41612BC3E69200AC4284 /* nike.mp4 */,
				A69A81782B81CE80006BAEB2 /* SweaTy */,
				A69A81772B81CE80006BAEB2 /* Products */,
				A68ADB5D2BA2D0D300000286 /* Frameworks */,
				2C6E5A8C13FB965323AC49BC /* Pods */,
			);
			sourceTree = "<group>";
		};
		A69A81772B81CE80006BAEB2 /* Products */ = {
			isa = PBXGroup;
			children = (
				A69A81762B81CE80006BAEB2 /* SweaTy.app */,
			);
			name = Products;
			sourceTree = "<group>";
		};
		A69A81782B81CE80006BAEB2 /* SweaTy */ = {
			isa = PBXGroup;
			children = (
				A69A81922B8203DF006BAEB2 /* Sources */,
				A69A81912B8203D6006BAEB2 /* Resources */,
				A69A81872B81CE83006BAEB2 /* Info.plist */,
			);
			path = SweaTy;
			sourceTree = "<group>";
		};
		A69A81912B8203D6006BAEB2 /* Resources */ = {
			isa = PBXGroup;
			children = (
				A66C41602BC3E45300AC4284 /* Videos */,
				A69A81792B81CE80006BAEB2 /* AppDelegate.swift */,
				A69A817B2B81CE80006BAEB2 /* SceneDelegate.swift */,
				A69A81822B81CE83006BAEB2 /* Assets.xcassets */,
				A69A81842B81CE83006BAEB2 /* LaunchScreen.storyboard */,
			);
			path = Resources;
			sourceTree = "<group>";
		};
		A69A81922B8203DF006BAEB2 /* Sources */ = {
			isa = PBXGroup;
			children = (
				A66C41572BC3E05300AC4284 /* Renewal */,
				A6F4C6AD2BA7EE3B0019427F /* Login */,
				A69A81932B823068006BAEB2 /* Home */,
				A69A81A42B823675006BAEB2 /* Statistics */,
				A69A81A52B823680006BAEB2 /* MyPage */,
				A69A81952B8230CD006BAEB2 /* Default */,
				A69A81982B823116006BAEB2 /* Coordinators */,
			);
			path = Sources;
			sourceTree = "<group>";
		};
		A69A81932B823068006BAEB2 /* Home */ = {
			isa = PBXGroup;
			children = (
				A69A81C62B88876C006BAEB2 /* View */,
				A69A81942B82307C006BAEB2 /* VCs */,
			);
			path = Home;
			sourceTree = "<group>";
		};
		A69A81942B82307C006BAEB2 /* VCs */ = {
			isa = PBXGroup;
			children = (
				A69A81A22B8235DC006BAEB2 /* MainViewController.swift */,
				A69A81C92B89DCA9006BAEB2 /* ExerciseSelectViewController.swift */,
				A69A81CD2B8C832B006BAEB2 /* PrepareViewController.swift */,
				A69A81CF2B8C8A42006BAEB2 /* ExercisingViewController.swift */,
				A69A81D12B8C8BE3006BAEB2 /* ExerciseResultViewController.swift */,
			);
			path = VCs;
			sourceTree = "<group>";
		};
		A69A81952B8230CD006BAEB2 /* Default */ = {
			isa = PBXGroup;
			children = (
				A69A81962B8230DF006BAEB2 /* Coordinator.swift */,
				A69A819E2B823252006BAEB2 /* TabBarItemType.swift */,
				A69A81B52B837CFC006BAEB2 /* ShadowRoundView.swift */,
				A624A5342B987DE600B605A9 /* BarChartView+.swift */,
				A69A81B72B83AE14006BAEB2 /* UIColor+.swift */,
			);
			path = Default;
			sourceTree = "<group>";
		};
		A69A81982B823116006BAEB2 /* Coordinators */ = {
			isa = PBXGroup;
			children = (
				A69A819A2B823133006BAEB2 /* AppCoordinator.swift */,
				A69A819C2B8231D3006BAEB2 /* MainTabBarCoordinator.swift */,
				A69A81A02B823410006BAEB2 /* HomeCoordinator.swift */,
				A69A81A72B82369E006BAEB2 /* StatisticsCoordinator.swift */,
				A69A81AE2B823751006BAEB2 /* MyPageCoordinator.swift */,
				A6F4C6B22BA7F0A30019427F /* LoginCoordinator.swift */,
			);
			path = Coordinators;
			sourceTree = "<group>";
		};
		A69A81A42B823675006BAEB2 /* Statistics */ = {
			isa = PBXGroup;
			children = (
				A69A81A62B823688006BAEB2 /* VCs */,
			);
			path = Statistics;
			sourceTree = "<group>";
		};
		A69A81A52B823680006BAEB2 /* MyPage */ = {
			isa = PBXGroup;
			children = (
				A6F4C6B62BA93BCD0019427F /* View */,
				A69A81AB2B82371C006BAEB2 /* VCs */,
			);
			path = MyPage;
			sourceTree = "<group>";
		};
		A69A81A62B823688006BAEB2 /* VCs */ = {
			isa = PBXGroup;
			children = (
				A69A81A92B8236C9006BAEB2 /* StatisticsViewController.swift */,
			);
			path = VCs;
			sourceTree = "<group>";
		};
		A69A81AB2B82371C006BAEB2 /* VCs */ = {
			isa = PBXGroup;
			children = (
				A69A81AC2B823728006BAEB2 /* MyPageViewController.swift */,
			);
			path = VCs;
			sourceTree = "<group>";
		};
		A69A81C62B88876C006BAEB2 /* View */ = {
			isa = PBXGroup;
			children = (
				A69A81C72B888891006BAEB2 /* StartExerciseView.swift */,
				A69A81CB2B8C786F006BAEB2 /* SetSelectionView.swift */,
				A652BD7D2BA1D4FB00CA9F37 /* ImageLabelCollectionViewCell.swift */,
			);
			path = View;
			sourceTree = "<group>";
		};
		A6F4C6AD2BA7EE3B0019427F /* Login */ = {
			isa = PBXGroup;
			children = (
				A6F4C6AF2BA7EE580019427F /* VCs */,
				A6F4C6AE2BA7EE510019427F /* View */,
			);
			path = Login;
			sourceTree = "<group>";
		};
		A6F4C6AE2BA7EE510019427F /* View */ = {
			isa = PBXGroup;
			children = (
			);
			path = View;
			sourceTree = "<group>";
		};
		A6F4C6AF2BA7EE580019427F /* VCs */ = {
			isa = PBXGroup;
			children = (
				A6F4C6B02BA7EE810019427F /* LoginViewController.swift */,
				A6F4C6B42BA7F6BD0019427F /* SignUpViewController.swift */,
			);
			path = VCs;
			sourceTree = "<group>";
		};
		A6F4C6B62BA93BCD0019427F /* View */ = {
			isa = PBXGroup;
			children = (
				A6F4C6B72BA93C390019427F /* SettingItemView.swift */,
			);
			path = View;
			sourceTree = "<group>";
		};
/* End PBXGroup section */

/* Begin PBXNativeTarget section */
		A69A81752B81CE80006BAEB2 /* SweaTy */ = {
			isa = PBXNativeTarget;
			buildConfigurationList = A69A818A2B81CE83006BAEB2 /* Build configuration list for PBXNativeTarget "SweaTy" */;
			buildPhases = (
				4222D2D9A7AA413F771A0660 /* [CP] Check Pods Manifest.lock */,
				A69A81722B81CE80006BAEB2 /* Sources */,
				A69A81732B81CE80006BAEB2 /* Frameworks */,
				A69A81742B81CE80006BAEB2 /* Resources */,
				A68ADB612BA2D0D300000286 /* Embed Frameworks */,
				8EFD8C3C6E98C0F390192C48 /* [CP] Embed Pods Frameworks */,
			);
			buildRules = (
			);
			dependencies = (
			);
			name = SweaTy;
			productName = SweaTy;
			productReference = A69A81762B81CE80006BAEB2 /* SweaTy.app */;
			productType = "com.apple.product-type.application";
		};
/* End PBXNativeTarget section */

/* Begin PBXProject section */
		A69A816E2B81CE80006BAEB2 /* Project object */ = {
			isa = PBXProject;
			attributes = {
				BuildIndependentTargetsInParallel = 1;
				LastSwiftUpdateCheck = 1520;
				LastUpgradeCheck = 1520;
				TargetAttributes = {
					A69A81752B81CE80006BAEB2 = {
						CreatedOnToolsVersion = 15.2;
					};
				};
			};
			buildConfigurationList = A69A81712B81CE80006BAEB2 /* Build configuration list for PBXProject "SweaTy" */;
			compatibilityVersion = "Xcode 14.0";
			developmentRegion = en;
			hasScannedForEncodings = 0;
			knownRegions = (
				en,
				Base,
			);
			mainGroup = A69A816D2B81CE80006BAEB2;
			productRefGroup = A69A81772B81CE80006BAEB2 /* Products */;
			projectDirPath = "";
			projectRoot = "";
			targets = (
				A69A81752B81CE80006BAEB2 /* SweaTy */,
			);
		};
/* End PBXProject section */

/* Begin PBXResourcesBuildPhase section */
		A69A81742B81CE80006BAEB2 /* Resources */ = {
			isa = PBXResourcesBuildPhase;
			buildActionMask = 2147483647;
			files = (
				A66C41622BC3E69200AC4284 /* nike.mp4 in Resources */,
				A69A81862B81CE83006BAEB2 /* LaunchScreen.storyboard in Resources */,
				A69A81832B81CE83006BAEB2 /* Assets.xcassets in Resources */,
			);
			runOnlyForDeploymentPostprocessing = 0;
		};
/* End PBXResourcesBuildPhase section */

/* Begin PBXShellScriptBuildPhase section */
		4222D2D9A7AA413F771A0660 /* [CP] Check Pods Manifest.lock */ = {
			isa = PBXShellScriptBuildPhase;
			buildActionMask = 2147483647;
			files = (
			);
			inputFileListPaths = (
			);
			inputPaths = (
				"${PODS_PODFILE_DIR_PATH}/Podfile.lock",
				"${PODS_ROOT}/Manifest.lock",
			);
			name = "[CP] Check Pods Manifest.lock";
			outputFileListPaths = (
			);
			outputPaths = (
				"$(DERIVED_FILE_DIR)/Pods-SweaTy-checkManifestLockResult.txt",
			);
			runOnlyForDeploymentPostprocessing = 0;
			shellPath = /bin/sh;
			shellScript = "diff \"${PODS_PODFILE_DIR_PATH}/Podfile.lock\" \"${PODS_ROOT}/Manifest.lock\" > /dev/null\nif [ $? != 0 ] ; then\n    # print error to STDERR\n    echo \"error: The sandbox is not in sync with the Podfile.lock. Run 'pod install' or update your CocoaPods installation.\" >&2\n    exit 1\nfi\n# This output is used by Xcode 'outputs' to avoid re-running this script phase.\necho \"SUCCESS\" > \"${SCRIPT_OUTPUT_FILE_0}\"\n";
			showEnvVarsInLog = 0;
		};
		8EFD8C3C6E98C0F390192C48 /* [CP] Embed Pods Frameworks */ = {
			isa = PBXShellScriptBuildPhase;
			buildActionMask = 2147483647;
			files = (
			);
			inputFileListPaths = (
				"${PODS_ROOT}/Target Support Files/Pods-SweaTy/Pods-SweaTy-frameworks-${CONFIGURATION}-input-files.xcfilelist",
			);
			name = "[CP] Embed Pods Frameworks";
			outputFileListPaths = (
				"${PODS_ROOT}/Target Support Files/Pods-SweaTy/Pods-SweaTy-frameworks-${CONFIGURATION}-output-files.xcfilelist",
			);
			runOnlyForDeploymentPostprocessing = 0;
			shellPath = /bin/sh;
			shellScript = "\"${PODS_ROOT}/Target Support Files/Pods-SweaTy/Pods-SweaTy-frameworks.sh\"\n";
			showEnvVarsInLog = 0;
		};
/* End PBXShellScriptBuildPhase section */

/* Begin PBXSourcesBuildPhase section */
		A69A81722B81CE80006BAEB2 /* Sources */ = {
			isa = PBXSourcesBuildPhase;
			buildActionMask = 2147483647;
			files = (
				A6F4C6B82BA93C390019427F /* SettingItemView.swift in Sources */,
				A66C415C2BC3E0A800AC4284 /* StartingViewController.swift in Sources */,
				A69A81972B8230DF006BAEB2 /* Coordinator.swift in Sources */,
				A69A81A82B82369E006BAEB2 /* StatisticsCoordinator.swift in Sources */,
				A69A819B2B823133006BAEB2 /* AppCoordinator.swift in Sources */,
				A6F4C6B12BA7EE810019427F /* LoginViewController.swift in Sources */,
				A6F4C6B52BA7F6BD0019427F /* SignUpViewController.swift in Sources */,
				A69A81D22B8C8BE3006BAEB2 /* ExerciseResultViewController.swift in Sources */,
				A66C415F2BC3E24600AC4284 /* VideoView.swift in Sources */,
				A69A81C82B888891006BAEB2 /* StartExerciseView.swift in Sources */,
				A6F4C6B32BA7F0A30019427F /* LoginCoordinator.swift in Sources */,
				A69A81CA2B89DCA9006BAEB2 /* ExerciseSelectViewController.swift in Sources */,
				A69A81AF2B823751006BAEB2 /* MyPageCoordinator.swift in Sources */,
				A69A819D2B8231D3006BAEB2 /* MainTabBarCoordinator.swift in Sources */,
				A69A81AA2B8236C9006BAEB2 /* StatisticsViewController.swift in Sources */,
				A69A817A2B81CE80006BAEB2 /* AppDelegate.swift in Sources */,
				A69A81AD2B823728006BAEB2 /* MyPageViewController.swift in Sources */,
				A624A5352B987DE600B605A9 /* BarChartView+.swift in Sources */,
				A69A81A12B823410006BAEB2 /* HomeCoordinator.swift in Sources */,
				A69A81B62B837CFC006BAEB2 /* ShadowRoundView.swift in Sources */,
				A69A81CE2B8C832B006BAEB2 /* PrepareViewController.swift in Sources */,
				A69A81A32B8235DC006BAEB2 /* MainViewController.swift in Sources */,
				A69A81D02B8C8A42006BAEB2 /* ExercisingViewController.swift in Sources */,
				A69A81CC2B8C786F006BAEB2 /* SetSelectionView.swift in Sources */,
				A69A819F2B823252006BAEB2 /* TabBarItemType.swift in Sources */,
				A69A817C2B81CE80006BAEB2 /* SceneDelegate.swift in Sources */,
				A69A81B82B83AE14006BAEB2 /* UIColor+.swift in Sources */,
				A652BD7E2BA1D4FB00CA9F37 /* ImageLabelCollectionViewCell.swift in Sources */,
			);
			runOnlyForDeploymentPostprocessing = 0;
		};
/* End PBXSourcesBuildPhase section */

/* Begin PBXVariantGroup section */
		A69A81842B81CE83006BAEB2 /* LaunchScreen.storyboard */ = {
			isa = PBXVariantGroup;
			children = (
				A69A81852B81CE83006BAEB2 /* Base */,
			);
			name = LaunchScreen.storyboard;
			sourceTree = "<group>";
		};
/* End PBXVariantGroup section */

/* Begin XCBuildConfiguration section */
		A69A81882B81CE83006BAEB2 /* Debug */ = {
			isa = XCBuildConfiguration;
			buildSettings = {
				ALWAYS_SEARCH_USER_PATHS = NO;
				ASSETCATALOG_COMPILER_GENERATE_SWIFT_ASSET_SYMBOL_EXTENSIONS = YES;
				CLANG_ANALYZER_NONNULL = YES;
				CLANG_ANALYZER_NUMBER_OBJECT_CONVERSION = YES_AGGRESSIVE;
				CLANG_CXX_LANGUAGE_STANDARD = "gnu++20";
				CLANG_ENABLE_MODULES = YES;
				CLANG_ENABLE_OBJC_ARC = YES;
				CLANG_ENABLE_OBJC_WEAK = YES;
				CLANG_WARN_BLOCK_CAPTURE_AUTORELEASING = YES;
				CLANG_WARN_BOOL_CONVERSION = YES;
				CLANG_WARN_COMMA = YES;
				CLANG_WARN_CONSTANT_CONVERSION = YES;
				CLANG_WARN_DEPRECATED_OBJC_IMPLEMENTATIONS = YES;
				CLANG_WARN_DIRECT_OBJC_ISA_USAGE = YES_ERROR;
				CLANG_WARN_DOCUMENTATION_COMMENTS = YES;
				CLANG_WARN_EMPTY_BODY = YES;
				CLANG_WARN_ENUM_CONVERSION = YES;
				CLANG_WARN_INFINITE_RECURSION = YES;
				CLANG_WARN_INT_CONVERSION = YES;
				CLANG_WARN_NON_LITERAL_NULL_CONVERSION = YES;
				CLANG_WARN_OBJC_IMPLICIT_RETAIN_SELF = YES;
				CLANG_WARN_OBJC_LITERAL_CONVERSION = YES;
				CLANG_WARN_OBJC_ROOT_CLASS = YES_ERROR;
				CLANG_WARN_QUOTED_INCLUDE_IN_FRAMEWORK_HEADER = YES;
				CLANG_WARN_RANGE_LOOP_ANALYSIS = YES;
				CLANG_WARN_STRICT_PROTOTYPES = YES;
				CLANG_WARN_SUSPICIOUS_MOVE = YES;
				CLANG_WARN_UNGUARDED_AVAILABILITY = YES_AGGRESSIVE;
				CLANG_WARN_UNREACHABLE_CODE = YES;
				CLANG_WARN__DUPLICATE_METHOD_MATCH = YES;
				COPY_PHASE_STRIP = NO;
				DEBUG_INFORMATION_FORMAT = dwarf;
				ENABLE_STRICT_OBJC_MSGSEND = YES;
				ENABLE_TESTABILITY = YES;
				ENABLE_USER_SCRIPT_SANDBOXING = NO;
				GCC_C_LANGUAGE_STANDARD = gnu17;
				GCC_DYNAMIC_NO_PIC = NO;
				GCC_NO_COMMON_BLOCKS = YES;
				GCC_OPTIMIZATION_LEVEL = 0;
				GCC_PREPROCESSOR_DEFINITIONS = (
					"DEBUG=1",
					"$(inherited)",
				);
				GCC_WARN_64_TO_32_BIT_CONVERSION = YES;
				GCC_WARN_ABOUT_RETURN_TYPE = YES_ERROR;
				GCC_WARN_UNDECLARED_SELECTOR = YES;
				GCC_WARN_UNINITIALIZED_AUTOS = YES_AGGRESSIVE;
				GCC_WARN_UNUSED_FUNCTION = YES;
				GCC_WARN_UNUSED_VARIABLE = YES;
				IPHONEOS_DEPLOYMENT_TARGET = 17.2;
				LOCALIZATION_PREFERS_STRING_CATALOGS = YES;
				MTL_ENABLE_DEBUG_INFO = INCLUDE_SOURCE;
				MTL_FAST_MATH = YES;
				ONLY_ACTIVE_ARCH = YES;
				SDKROOT = iphoneos;
				SWIFT_ACTIVE_COMPILATION_CONDITIONS = "DEBUG $(inherited)";
				SWIFT_OPTIMIZATION_LEVEL = "-Onone";
			};
			name = Debug;
		};
		A69A81892B81CE83006BAEB2 /* Release */ = {
			isa = XCBuildConfiguration;
			buildSettings = {
				ALWAYS_SEARCH_USER_PATHS = NO;
				ASSETCATALOG_COMPILER_GENERATE_SWIFT_ASSET_SYMBOL_EXTENSIONS = YES;
				CLANG_ANALYZER_NONNULL = YES;
				CLANG_ANALYZER_NUMBER_OBJECT_CONVERSION = YES_AGGRESSIVE;
				CLANG_CXX_LANGUAGE_STANDARD = "gnu++20";
				CLANG_ENABLE_MODULES = YES;
				CLANG_ENABLE_OBJC_ARC = YES;
				CLANG_ENABLE_OBJC_WEAK = YES;
				CLANG_WARN_BLOCK_CAPTURE_AUTORELEASING = YES;
				CLANG_WARN_BOOL_CONVERSION = YES;
				CLANG_WARN_COMMA = YES;
				CLANG_WARN_CONSTANT_CONVERSION = YES;
				CLANG_WARN_DEPRECATED_OBJC_IMPLEMENTATIONS = YES;
				CLANG_WARN_DIRECT_OBJC_ISA_USAGE = YES_ERROR;
				CLANG_WARN_DOCUMENTATION_COMMENTS = YES;
				CLANG_WARN_EMPTY_BODY = YES;
				CLANG_WARN_ENUM_CONVERSION = YES;
				CLANG_WARN_INFINITE_RECURSION = YES;
				CLANG_WARN_INT_CONVERSION = YES;
				CLANG_WARN_NON_LITERAL_NULL_CONVERSION = YES;
				CLANG_WARN_OBJC_IMPLICIT_RETAIN_SELF = YES;
				CLANG_WARN_OBJC_LITERAL_CONVERSION = YES;
				CLANG_WARN_OBJC_ROOT_CLASS = YES_ERROR;
				CLANG_WARN_QUOTED_INCLUDE_IN_FRAMEWORK_HEADER = YES;
				CLANG_WARN_RANGE_LOOP_ANALYSIS = YES;
				CLANG_WARN_STRICT_PROTOTYPES = YES;
				CLANG_WARN_SUSPICIOUS_MOVE = YES;
				CLANG_WARN_UNGUARDED_AVAILABILITY = YES_AGGRESSIVE;
				CLANG_WARN_UNREACHABLE_CODE = YES;
				CLANG_WARN__DUPLICATE_METHOD_MATCH = YES;
				COPY_PHASE_STRIP = NO;
				DEBUG_INFORMATION_FORMAT = "dwarf-with-dsym";
				ENABLE_NS_ASSERTIONS = NO;
				ENABLE_STRICT_OBJC_MSGSEND = YES;
				ENABLE_USER_SCRIPT_SANDBOXING = NO;
				GCC_C_LANGUAGE_STANDARD = gnu17;
				GCC_NO_COMMON_BLOCKS = YES;
				GCC_WARN_64_TO_32_BIT_CONVERSION = YES;
				GCC_WARN_ABOUT_RETURN_TYPE = YES_ERROR;
				GCC_WARN_UNDECLARED_SELECTOR = YES;
				GCC_WARN_UNINITIALIZED_AUTOS = YES_AGGRESSIVE;
				GCC_WARN_UNUSED_FUNCTION = YES;
				GCC_WARN_UNUSED_VARIABLE = YES;
				IPHONEOS_DEPLOYMENT_TARGET = 17.2;
				LOCALIZATION_PREFERS_STRING_CATALOGS = YES;
				MTL_ENABLE_DEBUG_INFO = NO;
				MTL_FAST_MATH = YES;
				SDKROOT = iphoneos;
				SWIFT_COMPILATION_MODE = wholemodule;
				VALIDATE_PRODUCT = YES;
			};
			name = Release;
		};
		A69A818B2B81CE83006BAEB2 /* Debug */ = {
			isa = XCBuildConfiguration;
			baseConfigurationReference = 264CC9355153F0C5CCBFE91B /* Pods-SweaTy.debug.xcconfig */;
			buildSettings = {
				ASSETCATALOG_COMPILER_APPICON_NAME = AppIcon;
				ASSETCATALOG_COMPILER_GLOBAL_ACCENT_COLOR_NAME = AccentColor;
				CODE_SIGN_STYLE = Automatic;
				CURRENT_PROJECT_VERSION = 1;
				DEVELOPMENT_TEAM = 39R4Y76837;
				GENERATE_INFOPLIST_FILE = YES;
				INFOPLIST_FILE = SweaTy/Info.plist;
				INFOPLIST_KEY_UIApplicationSupportsIndirectInputEvents = YES;
				INFOPLIST_KEY_UILaunchStoryboardName = LaunchScreen;
				INFOPLIST_KEY_UISupportedInterfaceOrientations_iPad = "UIInterfaceOrientationPortrait UIInterfaceOrientationPortraitUpsideDown UIInterfaceOrientationLandscapeLeft UIInterfaceOrientationLandscapeRight";
				INFOPLIST_KEY_UISupportedInterfaceOrientations_iPhone = "UIInterfaceOrientationPortrait UIInterfaceOrientationLandscapeLeft UIInterfaceOrientationLandscapeRight";
				LD_RUNPATH_SEARCH_PATHS = (
					"$(inherited)",
					"@executable_path/Frameworks",
				);
				MARKETING_VERSION = 1.0;
				PRODUCT_BUNDLE_IDENTIFIER = com.SweaTy;
				PRODUCT_NAME = "$(TARGET_NAME)";
				SWIFT_EMIT_LOC_STRINGS = YES;
				SWIFT_VERSION = 5.0;
				TARGETED_DEVICE_FAMILY = "1,2";
			};
			name = Debug;
		};
		A69A818C2B81CE83006BAEB2 /* Release */ = {
			isa = XCBuildConfiguration;
			baseConfigurationReference = C97DC78BC6C2CC83AA95A695 /* Pods-SweaTy.release.xcconfig */;
			buildSettings = {
				ASSETCATALOG_COMPILER_APPICON_NAME = AppIcon;
				ASSETCATALOG_COMPILER_GLOBAL_ACCENT_COLOR_NAME = AccentColor;
				CODE_SIGN_STYLE = Automatic;
				CURRENT_PROJECT_VERSION = 1;
				DEVELOPMENT_TEAM = 39R4Y76837;
				GENERATE_INFOPLIST_FILE = YES;
				INFOPLIST_FILE = SweaTy/Info.plist;
				INFOPLIST_KEY_UIApplicationSupportsIndirectInputEvents = YES;
				INFOPLIST_KEY_UILaunchStoryboardName = LaunchScreen;
				INFOPLIST_KEY_UISupportedInterfaceOrientations_iPad = "UIInterfaceOrientationPortrait UIInterfaceOrientationPortraitUpsideDown UIInterfaceOrientationLandscapeLeft UIInterfaceOrientationLandscapeRight";
				INFOPLIST_KEY_UISupportedInterfaceOrientations_iPhone = "UIInterfaceOrientationPortrait UIInterfaceOrientationLandscapeLeft UIInterfaceOrientationLandscapeRight";
				LD_RUNPATH_SEARCH_PATHS = (
					"$(inherited)",
					"@executable_path/Frameworks",
				);
				MARKETING_VERSION = 1.0;
				PRODUCT_BUNDLE_IDENTIFIER = com.SweaTy;
				PRODUCT_NAME = "$(TARGET_NAME)";
				SWIFT_EMIT_LOC_STRINGS = YES;
				SWIFT_VERSION = 5.0;
				TARGETED_DEVICE_FAMILY = "1,2";
			};
			name = Release;
		};
/* End XCBuildConfiguration section */

/* Begin XCConfigurationList section */
		A69A81712B81CE80006BAEB2 /* Build configuration list for PBXProject "SweaTy" */ = {
			isa = XCConfigurationList;
			buildConfigurations = (
				A69A81882B81CE83006BAEB2 /* Debug */,
				A69A81892B81CE83006BAEB2 /* Release */,
			);
			defaultConfigurationIsVisible = 0;
			defaultConfigurationName = Release;
		};
		A69A818A2B81CE83006BAEB2 /* Build configuration list for PBXNativeTarget "SweaTy" */ = {
			isa = XCConfigurationList;
			buildConfigurations = (
				A69A818B2B81CE83006BAEB2 /* Debug */,
				A69A818C2B81CE83006BAEB2 /* Release */,
			);
			defaultConfigurationIsVisible = 0;
			defaultConfigurationName = Release;
		};
/* End XCConfigurationList section */
	};
	rootObject = A69A816E2B81CE80006BAEB2 /* Project object */;
}
