PODS:
  - DGCharts (5.1.0):
    - DGCharts/Core (= 5.1.0)
  - DGCharts/Core (5.1.0)
  - SnapKit (5.6.0)

DEPENDENCIES:
  - DGCharts
  - SnapKit

SPEC REPOS:
  trunk:
    - DGCharts
    - SnapKit

SPEC CHECKSUMS:
  DGCharts: 1c6daf585b6cfc78807af44ea690d357c410627f
  SnapKit: e01d52ebb8ddbc333eefe2132acf85c8227d9c25

PODFILE CHECKSUM: ad9e95a8b708e7b88b192fcda3008291164e4f68

COCOAPODS: 1.11.3
